
Microsoft Visual Studio Solution File, Format Version 12.00
# Visual Studio Version 17
VisualStudioVersion = 17.11.35303.130
MinimumVisualStudioVersion = 10.0.40219.1
Project("{2150E333-8FDC-42A3-9474-1A3956D46DE8}") = "Task0", "Task0", "{16D41458-5455-466F-8756-645205C09BCE}"
EndProject
Project("{9A19103F-16F7-4668-BE54-9A1E7A4F7556}") = "Tyuiu.FilatovDK.Sprint0.Task0.V0", "Tyuiu.FilatovDK.Sprint0.Task0.V0\Tyuiu.FilatovDK.Sprint0.Task0.V0.csproj", "{B174E18C-277E-4A20-8A15-86D24B3679E0}"
EndProject
Project("{2150E333-8FDC-42A3-9474-1A3956D46DE8}") = "спринт#0", "спринт#0", "{5C069648-13B7-499C-92F2-E05E23B6B1E7}"
EndProject
Project("{2150E333-8FDC-42A3-9474-1A3956D46DE8}") = "Task1", "Task1", "{6477928F-38D0-4E86-AA3A-F10B039AFC82}"
EndProject
Project("{9A19103F-16F7-4668-BE54-9A1E7A4F7556}") = "Tyuiu.FilatovDK.Task1.V0", "Tyuiu.FilatovDK.Task1.V0\Tyuiu.FilatovDK.Task1.V0.csproj", "{2E42FE55-57B0-4DAE-8059-08F761C8443E}"
EndProject
Project("{2150E333-8FDC-42A3-9474-1A3956D46DE8}") = "Task2", "Task2", "{D2AE1B4B-AD59-4B60-B589-9D6E6758FA61}"
EndProject
Project("{9A19103F-16F7-4668-BE54-9A1E7A4F7556}") = "Tyuiu.FilatovDK.Sprint0.Task2.V0", "Tyuiu.FilatovDK.Sprint0.Task2.V0\Tyuiu.FilatovDK.Sprint0.Task2.V0.csproj", "{372BEFC8-66A1-45AA-9125-2256A5A5EDE6}"
EndProject
Project("{9A19103F-16F7-4668-BE54-9A1E7A4F7556}") = "Tyuiu.FilatovDK.Sprint0.Task2.V0.Lib", "Tyuiu.FilatovDK.Sprint0.Task2.V0.Lib\Tyuiu.FilatovDK.Sprint0.Task2.V0.Lib.csproj", "{D78AFB9E-BA8F-4F16-9CF0-98306C958025}"
EndProject
Project("{9A19103F-16F7-4668-BE54-9A1E7A4F7556}") = "Tyuiu.FilatovDK.Sprint0.Task2.V0.Test", "Tyuiu.FilatovDK.Sprint0.Task2.V0.Test\Tyuiu.FilatovDK.Sprint0.Task2.V0.Test.csproj", "{FB43C31D-36C2-44FA-A419-FFB4CB049845}"
EndProject
Project("{2150E333-8FDC-42A3-9474-1A3956D46DE8}") = "Task3", "Task3", "{11900216-A698-4D35-B1F6-07F8D6F77487}"
EndProject
Project("{9A19103F-16F7-4668-BE54-9A1E7A4F7556}") = "Tyuiu.FilatovDK.Sprint0.Task3.V0", "Tyuiu.FilatovDK.Sprint0.Task3.V0\Tyuiu.FilatovDK.Sprint0.Task3.V0.csproj", "{6D7EDB55-13A8-4335-B239-C663FD614652}"
EndProject
Project("{9A19103F-16F7-4668-BE54-9A1E7A4F7556}") = "Tyuiu.FilatovDK.Sprint0.Task3.V0.Lib", "Tyuiu.FilatovDK.Sprint0.Task3.V0.Lib\Tyuiu.FilatovDK.Sprint0.Task3.V0.Lib.csproj", "{0EE20C27-8B4C-45D7-B10D-1F8C59A03937}"
EndProject
Project("{9A19103F-16F7-4668-BE54-9A1E7A4F7556}") = "Tyuiu.FilatovDK.Sprint0.Task3.V0.Test", "Tyuiu.FilatovDK.Sprint0.Task3.V0.Test\Tyuiu.FilatovDK.Sprint0.Task3.V0.Test.csproj", "{A10CCCAC-9531-4248-ACD2-59149E34E959}"
EndProject
Project("{2150E333-8FDC-42A3-9474-1A3956D46DE8}") = "Task4", "Task4", "{2691E226-EB3C-40DB-991B-D4E6354873A8}"
EndProject
Project("{9A19103F-16F7-4668-BE54-9A1E7A4F7556}") = "Tyuiu.FilatovDK.Sprint0.Task4.V0", "Tyuiu.FilatovDK.Sprint0.Task4.V0\Tyuiu.FilatovDK.Sprint0.Task4.V0.csproj", "{7D5A5645-64B0-4629-A007-D62DF31375A7}"
EndProject
Project("{9A19103F-16F7-4668-BE54-9A1E7A4F7556}") = "Tyuiu.FilatovDK.Sprint0.Task4.V0.Lib", "Tyuiu.FilatovDK.Sprint0.Task4.V0.Lib\Tyuiu.FilatovDK.Sprint0.Task4.V0.Lib.csproj", "{AB5B4E0C-106B-4945-AD24-690997DF8C97}"
EndProject
Project("{9A19103F-16F7-4668-BE54-9A1E7A4F7556}") = "Tyuiu.FilatovDK.Sprint0.Task4.V0.Test", "Tyuiu.FilatovDK.Sprint0.Task4.V0.Test\Tyuiu.FilatovDK.Sprint0.Task4.V0.Test.csproj", "{809BDB27-77D4-4563-A1E2-A3D3F5733B6D}"
EndProject
Project("{2150E333-8FDC-42A3-9474-1A3956D46DE8}") = "Task5", "Task5", "{B6A3E78F-44E9-44E9-AD5F-307626A9F921}"
EndProject
Project("{FAE04EC0-301F-11D3-BF4B-00C04F79EFBC}") = "Tyuiu.FilatovDK.Sprint0.Task5.V0", "Tyuiu.FilatovDK.Sprint0.Task5.V0\Tyuiu.FilatovDK.Sprint0.Task5.V0.csproj", "{3A8C4B60-C1EF-43C2-ADC4-83E0936BA5A9}"
EndProject
Project("{FAE04EC0-301F-11D3-BF4B-00C04F79EFBC}") = "Tyuiu.FilatovDK.Sprint0.Task5.V0.Lib", "Tyuiu.FilatovDK.Sprint0.Task5.V0.Lib\Tyuiu.FilatovDK.Sprint0.Task5.V0.Lib.csproj", "{F066B25F-3A9A-4E52-8D1C-DB966B29B801}"
EndProject
Project("{FAE04EC0-301F-11D3-BF4B-00C04F79EFBC}") = "Tyuiu.FilatovDK.Sprint0.Task5.V0.Test", "Tyuiu.FilatovDK.Sprint0.Task5.V0.Test\Tyuiu.FilatovDK.Sprint0.Task5.V0.Test.csproj", "{1C0332EE-9013-450E-B3B4-860E48905503}"
EndProject
Global
	GlobalSection(SolutionConfigurationPlatforms) = preSolution
		Debug|Any CPU = Debug|Any CPU
		Release|Any CPU = Release|Any CPU
	EndGlobalSection
	GlobalSection(ProjectConfigurationPlatforms) = postSolution
		{B174E18C-277E-4A20-8A15-86D24B3679E0}.Debug|Any CPU.ActiveCfg = Debug|Any CPU
		{B174E18C-277E-4A20-8A15-86D24B3679E0}.Debug|Any CPU.Build.0 = Debug|Any CPU
		{B174E18C-277E-4A20-8A15-86D24B3679E0}.Release|Any CPU.ActiveCfg = Release|Any CPU
		{B174E18C-277E-4A20-8A15-86D24B3679E0}.Release|Any CPU.Build.0 = Release|Any CPU
		{2E42FE55-57B0-4DAE-8059-08F761C8443E}.Debug|Any CPU.ActiveCfg = Debug|Any CPU
		{2E42FE55-57B0-4DAE-8059-08F761C8443E}.Debug|Any CPU.Build.0 = Debug|Any CPU
		{2E42FE55-57B0-4DAE-8059-08F761C8443E}.Release|Any CPU.ActiveCfg = Release|Any CPU
		{2E42FE55-57B0-4DAE-8059-08F761C8443E}.Release|Any CPU.Build.0 = Release|Any CPU
		{372BEFC8-66A1-45AA-9125-2256A5A5EDE6}.Debug|Any CPU.ActiveCfg = Debug|Any CPU
		{372BEFC8-66A1-45AA-9125-2256A5A5EDE6}.Debug|Any CPU.Build.0 = Debug|Any CPU
		{372BEFC8-66A1-45AA-9125-2256A5A5EDE6}.Release|Any CPU.ActiveCfg = Release|Any CPU
		{372BEFC8-66A1-45AA-9125-2256A5A5EDE6}.Release|Any CPU.Build.0 = Release|Any CPU
		{D78AFB9E-BA8F-4F16-9CF0-98306C958025}.Debug|Any CPU.ActiveCfg = Debug|Any CPU
		{D78AFB9E-BA8F-4F16-9CF0-98306C958025}.Debug|Any CPU.Build.0 = Debug|Any CPU
		{D78AFB9E-BA8F-4F16-9CF0-98306C958025}.Release|Any CPU.ActiveCfg = Release|Any CPU
		{D78AFB9E-BA8F-4F16-9CF0-98306C958025}.Release|Any CPU.Build.0 = Release|Any CPU
		{FB43C31D-36C2-44FA-A419-FFB4CB049845}.Debug|Any CPU.ActiveCfg = Debug|Any CPU
		{FB43C31D-36C2-44FA-A419-FFB4CB049845}.Debug|Any CPU.Build.0 = Debug|Any CPU
		{FB43C31D-36C2-44FA-A419-FFB4CB049845}.Release|Any CPU.ActiveCfg = Release|Any CPU
		{FB43C31D-36C2-44FA-A419-FFB4CB049845}.Release|Any CPU.Build.0 = Release|Any CPU
		{6D7EDB55-13A8-4335-B239-C663FD614652}.Debug|Any CPU.ActiveCfg = Debug|Any CPU
		{6D7EDB55-13A8-4335-B239-C663FD614652}.Debug|Any CPU.Build.0 = Debug|Any CPU
		{6D7EDB55-13A8-4335-B239-C663FD614652}.Release|Any CPU.ActiveCfg = Release|Any CPU
		{6D7EDB55-13A8-4335-B239-C663FD614652}.Release|Any CPU.Build.0 = Release|Any CPU
		{0EE20C27-8B4C-45D7-B10D-1F8C59A03937}.Debug|Any CPU.ActiveCfg = Debug|Any CPU
		{0EE20C27-8B4C-45D7-B10D-1F8C59A03937}.Debug|Any CPU.Build.0 = Debug|Any CPU
		{0EE20C27-8B4C-45D7-B10D-1F8C59A03937}.Release|Any CPU.ActiveCfg = Release|Any CPU
		{0EE20C27-8B4C-45D7-B10D-1F8C59A03937}.Release|Any CPU.Build.0 = Release|Any CPU
		{A10CCCAC-9531-4248-ACD2-59149E34E959}.Debug|Any CPU.ActiveCfg = Debug|Any CPU
		{A10CCCAC-9531-4248-ACD2-59149E34E959}.Debug|Any CPU.Build.0 = Debug|Any CPU
		{A10CCCAC-9531-4248-ACD2-59149E34E959}.Release|Any CPU.ActiveCfg = Release|Any CPU
		{A10CCCAC-9531-4248-ACD2-59149E34E959}.Release|Any CPU.Build.0 = Release|Any CPU
		{7D5A5645-64B0-4629-A007-D62DF31375A7}.Debug|Any CPU.ActiveCfg = Debug|Any CPU
		{7D5A5645-64B0-4629-A007-D62DF31375A7}.Debug|Any CPU.Build.0 = Debug|Any CPU
		{7D5A5645-64B0-4629-A007-D62DF31375A7}.Release|Any CPU.ActiveCfg = Release|Any CPU
		{7D5A5645-64B0-4629-A007-D62DF31375A7}.Release|Any CPU.Build.0 = Release|Any CPU
		{AB5B4E0C-106B-4945-AD24-690997DF8C97}.Debug|Any CPU.ActiveCfg = Debug|Any CPU
		{AB5B4E0C-106B-4945-AD24-690997DF8C97}.Debug|Any CPU.Build.0 = Debug|Any CPU
		{AB5B4E0C-106B-4945-AD24-690997DF8C97}.Release|Any CPU.ActiveCfg = Release|Any CPU
		{AB5B4E0C-106B-4945-AD24-690997DF8C97}.Release|Any CPU.Build.0 = Release|Any CPU
		{809BDB27-77D4-4563-A1E2-A3D3F5733B6D}.Debug|Any CPU.ActiveCfg = Debug|Any CPU
		{809BDB27-77D4-4563-A1E2-A3D3F5733B6D}.Debug|Any CPU.Build.0 = Debug|Any CPU
		{809BDB27-77D4-4563-A1E2-A3D3F5733B6D}.Release|Any CPU.ActiveCfg = Release|Any CPU
		{809BDB27-77D4-4563-A1E2-A3D3F5733B6D}.Release|Any CPU.Build.0 = Release|Any CPU
		{3A8C4B60-C1EF-43C2-ADC4-83E0936BA5A9}.Debug|Any CPU.ActiveCfg = Debug|Any CPU
		{3A8C4B60-C1EF-43C2-ADC4-83E0936BA5A9}.Debug|Any CPU.Build.0 = Debug|Any CPU
		{3A8C4B60-C1EF-43C2-ADC4-83E0936BA5A9}.Release|Any CPU.ActiveCfg = Release|Any CPU
		{3A8C4B60-C1EF-43C2-ADC4-83E0936BA5A9}.Release|Any CPU.Build.0 = Release|Any CPU
		{F066B25F-3A9A-4E52-8D1C-DB966B29B801}.Debug|Any CPU.ActiveCfg = Debug|Any CPU
		{F066B25F-3A9A-4E52-8D1C-DB966B29B801}.Debug|Any CPU.Build.0 = Debug|Any CPU
		{F066B25F-3A9A-4E52-8D1C-DB966B29B801}.Release|Any CPU.ActiveCfg = Release|Any CPU
		{F066B25F-3A9A-4E52-8D1C-DB966B29B801}.Release|Any CPU.Build.0 = Release|Any CPU
		{1C0332EE-9013-450E-B3B4-860E48905503}.Debug|Any CPU.ActiveCfg = Debug|Any CPU
		{1C0332EE-9013-450E-B3B4-860E48905503}.Debug|Any CPU.Build.0 = Debug|Any CPU
		{1C0332EE-9013-450E-B3B4-860E48905503}.Release|Any CPU.ActiveCfg = Release|Any CPU
		{1C0332EE-9013-450E-B3B4-860E48905503}.Release|Any CPU.Build.0 = Release|Any CPU
	EndGlobalSection
	GlobalSection(SolutionProperties) = preSolution
		HideSolutionNode = FALSE
	EndGlobalSection
	GlobalSection(NestedProjects) = preSolution
		{B174E18C-277E-4A20-8A15-86D24B3679E0} = {16D41458-5455-466F-8756-645205C09BCE}
		{5C069648-13B7-499C-92F2-E05E23B6B1E7} = {16D41458-5455-466F-8756-645205C09BCE}
		{2E42FE55-57B0-4DAE-8059-08F761C8443E} = {6477928F-38D0-4E86-AA3A-F10B039AFC82}
		{372BEFC8-66A1-45AA-9125-2256A5A5EDE6} = {D2AE1B4B-AD59-4B60-B589-9D6E6758FA61}
		{D78AFB9E-BA8F-4F16-9CF0-98306C958025} = {D2AE1B4B-AD59-4B60-B589-9D6E6758FA61}
		{FB43C31D-36C2-44FA-A419-FFB4CB049845} = {D2AE1B4B-AD59-4B60-B589-9D6E6758FA61}
		{6D7EDB55-13A8-4335-B239-C663FD614652} = {11900216-A698-4D35-B1F6-07F8D6F77487}
		{0EE20C27-8B4C-45D7-B10D-1F8C59A03937} = {11900216-A698-4D35-B1F6-07F8D6F77487}
		{A10CCCAC-9531-4248-ACD2-59149E34E959} = {11900216-A698-4D35-B1F6-07F8D6F77487}
		{7D5A5645-64B0-4629-A007-D62DF31375A7} = {2691E226-EB3C-40DB-991B-D4E6354873A8}
		{AB5B4E0C-106B-4945-AD24-690997DF8C97} = {2691E226-EB3C-40DB-991B-D4E6354873A8}
		{809BDB27-77D4-4563-A1E2-A3D3F5733B6D} = {2691E226-EB3C-40DB-991B-D4E6354873A8}
		{3A8C4B60-C1EF-43C2-ADC4-83E0936BA5A9} = {B6A3E78F-44E9-44E9-AD5F-307626A9F921}
		{F066B25F-3A9A-4E52-8D1C-DB966B29B801} = {B6A3E78F-44E9-44E9-AD5F-307626A9F921}
		{1C0332EE-9013-450E-B3B4-860E48905503} = {B6A3E78F-44E9-44E9-AD5F-307626A9F921}
	EndGlobalSection
	GlobalSection(ExtensibilityGlobals) = postSolution
		SolutionGuid = {8F3235BB-38D2-465E-B600-4DADEBE2F6BD}
	EndGlobalSection
EndGlobal
